{
  "requires": true,
  "lockfileVersion": 1,
  "dependencies": {
    "systeminformation": {
      "version": "4.6.0",
      "resolved": "https://registry.npmjs.org/systeminformation/-/systeminformation-4.6.0.tgz",
      "integrity": "sha512-UwL8OAeDfLZoLHZn84OUBIWZqvjfmyp4YfvetKyil56EV49ZNfk2+6FaxzdxPDK0yGW29JhwV1sK9Xvc9jOf0Q=="
    }
  }
}
